Microsoft Visual Studio Solution File, Format Version 12.00
# Visual Studio 14
Project("{8BC9CEB8-8B4A-11D0-8D11-00A0C91BC942}") = "ALL_BUILD", "ALL_BUILD.vcxproj", "{D2555277-342D-3B47-86C5-08BECDA49309}"
	ProjectSection(ProjectDependencies) = postProject
		{41F37F5D-1F79-32ED-8033-D193ABF97335} = {41F37F5D-1F79-32ED-8033-D193ABF97335}
		{A95D596B-CC2D-36E5-8E7D-02C8DC48D1F9} = {A95D596B-CC2D-36E5-8E7D-02C8DC48D1F9}
		{A71A4AE3-AB2E-315A-BCE8-C82EE5A5A339} = {A71A4AE3-AB2E-315A-BCE8-C82EE5A5A339}
		{2B6A10EB-F3C9-38DA-B10D-26E788CDB096} = {2B6A10EB-F3C9-38DA-B10D-26E788CDB096}
		{45BFD08C-4220-3250-8F00-DCC7A144F9EF} = {45BFD08C-4220-3250-8F00-DCC7A144F9EF}
		{4EF938C0-B87E-3395-BE44-F8D959FE364D} = {4EF938C0-B87E-3395-BE44-F8D959FE364D}
		{8F1615A5-92BB-3D6C-B98D-AAC9A0A1E56B} = {8F1615A5-92BB-3D6C-B98D-AAC9A0A1E56B}
		{8CDAC1DC-F402-312B-A232-09C2D95EC87D} = {8CDAC1DC-F402-312B-A232-09C2D95EC87D}
	EndProjectSection
EndProject
Project("{8BC9CEB8-8B4A-11D0-8D11-00A0C91BC942}") = "ZERO_CHECK", "ZERO_CHECK.vcxproj", "{41F37F5D-1F79-32ED-8033-D193ABF97335}"
	ProjectSection(ProjectDependencies) = postProject
	EndProjectSection
EndProject
Project("{8BC9CEB8-8B4A-11D0-8D11-00A0C91BC942}") = "cv_fifth_lab_kr", "prj\cv_fifth_lab_kr\cv_fifth_lab_kr.vcxproj", "{A95D596B-CC2D-36E5-8E7D-02C8DC48D1F9}"
	ProjectSection(ProjectDependencies) = postProject
		{41F37F5D-1F79-32ED-8033-D193ABF97335} = {41F37F5D-1F79-32ED-8033-D193ABF97335}
	EndProjectSection
EndProject
Project("{8BC9CEB8-8B4A-11D0-8D11-00A0C91BC942}") = "cv_first_lab", "prj\cv_first_lab\cv_first_lab.vcxproj", "{A71A4AE3-AB2E-315A-BCE8-C82EE5A5A339}"
	ProjectSection(ProjectDependencies) = postProject
		{41F37F5D-1F79-32ED-8033-D193ABF97335} = {41F37F5D-1F79-32ED-8033-D193ABF97335}
	EndProjectSection
EndProject
Project("{8BC9CEB8-8B4A-11D0-8D11-00A0C91BC942}") = "cv_fourth_lab", "prj\cv_fourth_lab\cv_fourth_lab.vcxproj", "{2B6A10EB-F3C9-38DA-B10D-26E788CDB096}"
	ProjectSection(ProjectDependencies) = postProject
		{41F37F5D-1F79-32ED-8033-D193ABF97335} = {41F37F5D-1F79-32ED-8033-D193ABF97335}
	EndProjectSection
EndProject
Project("{8BC9CEB8-8B4A-11D0-8D11-00A0C91BC942}") = "cv_hello_word", "prj\cv_hello_word\cv_hello_word.vcxproj", "{45BFD08C-4220-3250-8F00-DCC7A144F9EF}"
	ProjectSection(ProjectDependencies) = postProject
		{41F37F5D-1F79-32ED-8033-D193ABF97335} = {41F37F5D-1F79-32ED-8033-D193ABF97335}
	EndProjectSection
EndProject
Project("{8BC9CEB8-8B4A-11D0-8D11-00A0C91BC942}") = "cv_lines", "prj\cv_lines\cv_lines.vcxproj", "{4EF938C0-B87E-3395-BE44-F8D959FE364D}"
	ProjectSection(ProjectDependencies) = postProject
		{41F37F5D-1F79-32ED-8033-D193ABF97335} = {41F37F5D-1F79-32ED-8033-D193ABF97335}
	EndProjectSection
EndProject
Project("{8BC9CEB8-8B4A-11D0-8D11-00A0C91BC942}") = "cv_second_lab", "prj\cv_second_lab\cv_second_lab.vcxproj", "{8F1615A5-92BB-3D6C-B98D-AAC9A0A1E56B}"
	ProjectSection(ProjectDependencies) = postProject
		{41F37F5D-1F79-32ED-8033-D193ABF97335} = {41F37F5D-1F79-32ED-8033-D193ABF97335}
	EndProjectSection
EndProject
Project("{8BC9CEB8-8B4A-11D0-8D11-00A0C91BC942}") = "cv_third_lab", "prj\cv_third_lab\cv_third_lab.vcxproj", "{8CDAC1DC-F402-312B-A232-09C2D95EC87D}"
	ProjectSection(ProjectDependencies) = postProject
		{41F37F5D-1F79-32ED-8033-D193ABF97335} = {41F37F5D-1F79-32ED-8033-D193ABF97335}
	EndProjectSection
EndProject
Global
	GlobalSection(SolutionConfigurationPlatforms) = preSolution
		Debug|x64 = Debug|x64
		Release|x64 = Release|x64
		MinSizeRel|x64 = MinSizeRel|x64
		RelWithDebInfo|x64 = RelWithDebInfo|x64
	EndGlobalSection
	GlobalSection(ProjectConfigurationPlatforms) = postSolution
		{D2555277-342D-3B47-86C5-08BECDA49309}.Debug|x64.ActiveCfg = Debug|x64
		{D2555277-342D-3B47-86C5-08BECDA49309}.Release|x64.ActiveCfg = Release|x64
		{D2555277-342D-3B47-86C5-08BECDA49309}.MinSizeRel|x64.ActiveCfg = MinSizeRel|x64
		{D2555277-342D-3B47-86C5-08BECDA49309}.RelWithDebInfo|x64.ActiveCfg = RelWithDebInfo|x64
		{41F37F5D-1F79-32ED-8033-D193ABF97335}.Debug|x64.ActiveCfg = Debug|x64
		{41F37F5D-1F79-32ED-8033-D193ABF97335}.Debug|x64.Build.0 = Debug|x64
		{41F37F5D-1F79-32ED-8033-D193ABF97335}.Release|x64.ActiveCfg = Release|x64
		{41F37F5D-1F79-32ED-8033-D193ABF97335}.Release|x64.Build.0 = Release|x64
		{41F37F5D-1F79-32ED-8033-D193ABF97335}.MinSizeRel|x64.ActiveCfg = MinSizeRel|x64
		{41F37F5D-1F79-32ED-8033-D193ABF97335}.MinSizeRel|x64.Build.0 = MinSizeRel|x64
		{41F37F5D-1F79-32ED-8033-D193ABF97335}.RelWithDebInfo|x64.ActiveCfg = RelWithDebInfo|x64
		{41F37F5D-1F79-32ED-8033-D193ABF97335}.RelWithDebInfo|x64.Build.0 = RelWithDebInfo|x64
		{A95D596B-CC2D-36E5-8E7D-02C8DC48D1F9}.Debug|x64.ActiveCfg = Debug|x64
		{A95D596B-CC2D-36E5-8E7D-02C8DC48D1F9}.Debug|x64.Build.0 = Debug|x64
		{A95D596B-CC2D-36E5-8E7D-02C8DC48D1F9}.Release|x64.ActiveCfg = Release|x64
		{A95D596B-CC2D-36E5-8E7D-02C8DC48D1F9}.Release|x64.Build.0 = Release|x64
		{A95D596B-CC2D-36E5-8E7D-02C8DC48D1F9}.MinSizeRel|x64.ActiveCfg = MinSizeRel|x64
		{A95D596B-CC2D-36E5-8E7D-02C8DC48D1F9}.MinSizeRel|x64.Build.0 = MinSizeRel|x64
		{A95D596B-CC2D-36E5-8E7D-02C8DC48D1F9}.RelWithDebInfo|x64.ActiveCfg = RelWithDebInfo|x64
		{A95D596B-CC2D-36E5-8E7D-02C8DC48D1F9}.RelWithDebInfo|x64.Build.0 = RelWithDebInfo|x64
		{A71A4AE3-AB2E-315A-BCE8-C82EE5A5A339}.Debug|x64.ActiveCfg = Debug|x64
		{A71A4AE3-AB2E-315A-BCE8-C82EE5A5A339}.Debug|x64.Build.0 = Debug|x64
		{A71A4AE3-AB2E-315A-BCE8-C82EE5A5A339}.Release|x64.ActiveCfg = Release|x64
		{A71A4AE3-AB2E-315A-BCE8-C82EE5A5A339}.Release|x64.Build.0 = Release|x64
		{A71A4AE3-AB2E-315A-BCE8-C82EE5A5A339}.MinSizeRel|x64.ActiveCfg = MinSizeRel|x64
		{A71A4AE3-AB2E-315A-BCE8-C82EE5A5A339}.MinSizeRel|x64.Build.0 = MinSizeRel|x64
		{A71A4AE3-AB2E-315A-BCE8-C82EE5A5A339}.RelWithDebInfo|x64.ActiveCfg = RelWithDebInfo|x64
		{A71A4AE3-AB2E-315A-BCE8-C82EE5A5A339}.RelWithDebInfo|x64.Build.0 = RelWithDebInfo|x64
		{2B6A10EB-F3C9-38DA-B10D-26E788CDB096}.Debug|x64.ActiveCfg = Debug|x64
		{2B6A10EB-F3C9-38DA-B10D-26E788CDB096}.Debug|x64.Build.0 = Debug|x64
		{2B6A10EB-F3C9-38DA-B10D-26E788CDB096}.Release|x64.ActiveCfg = Release|x64
		{2B6A10EB-F3C9-38DA-B10D-26E788CDB096}.Release|x64.Build.0 = Release|x64
		{2B6A10EB-F3C9-38DA-B10D-26E788CDB096}.MinSizeRel|x64.ActiveCfg = MinSizeRel|x64
		{2B6A10EB-F3C9-38DA-B10D-26E788CDB096}.MinSizeRel|x64.Build.0 = MinSizeRel|x64
		{2B6A10EB-F3C9-38DA-B10D-26E788CDB096}.RelWithDebInfo|x64.ActiveCfg = RelWithDebInfo|x64
		{2B6A10EB-F3C9-38DA-B10D-26E788CDB096}.RelWithDebInfo|x64.Build.0 = RelWithDebInfo|x64
		{45BFD08C-4220-3250-8F00-DCC7A144F9EF}.Debug|x64.ActiveCfg = Debug|x64
		{45BFD08C-4220-3250-8F00-DCC7A144F9EF}.Debug|x64.Build.0 = Debug|x64
		{45BFD08C-4220-3250-8F00-DCC7A144F9EF}.Release|x64.ActiveCfg = Release|x64
		{45BFD08C-4220-3250-8F00-DCC7A144F9EF}.Release|x64.Build.0 = Release|x64
		{45BFD08C-4220-3250-8F00-DCC7A144F9EF}.MinSizeRel|x64.ActiveCfg = MinSizeRel|x64
		{45BFD08C-4220-3250-8F00-DCC7A144F9EF}.MinSizeRel|x64.Build.0 = MinSizeRel|x64
		{45BFD08C-4220-3250-8F00-DCC7A144F9EF}.RelWithDebInfo|x64.ActiveCfg = RelWithDebInfo|x64
		{45BFD08C-4220-3250-8F00-DCC7A144F9EF}.RelWithDebInfo|x64.Build.0 = RelWithDebInfo|x64
		{4EF938C0-B87E-3395-BE44-F8D959FE364D}.Debug|x64.ActiveCfg = Debug|x64
		{4EF938C0-B87E-3395-BE44-F8D959FE364D}.Debug|x64.Build.0 = Debug|x64
		{4EF938C0-B87E-3395-BE44-F8D959FE364D}.Release|x64.ActiveCfg = Release|x64
		{4EF938C0-B87E-3395-BE44-F8D959FE364D}.Release|x64.Build.0 = Release|x64
		{4EF938C0-B87E-3395-BE44-F8D959FE364D}.MinSizeRel|x64.ActiveCfg = MinSizeRel|x64
		{4EF938C0-B87E-3395-BE44-F8D959FE364D}.MinSizeRel|x64.Build.0 = MinSizeRel|x64
		{4EF938C0-B87E-3395-BE44-F8D959FE364D}.RelWithDebInfo|x64.ActiveCfg = RelWithDebInfo|x64
		{4EF938C0-B87E-3395-BE44-F8D959FE364D}.RelWithDebInfo|x64.Build.0 = RelWithDebInfo|x64
		{8F1615A5-92BB-3D6C-B98D-AAC9A0A1E56B}.Debug|x64.ActiveCfg = Debug|x64
		{8F1615A5-92BB-3D6C-B98D-AAC9A0A1E56B}.Debug|x64.Build.0 = Debug|x64
		{8F1615A5-92BB-3D6C-B98D-AAC9A0A1E56B}.Release|x64.ActiveCfg = Release|x64
		{8F1615A5-92BB-3D6C-B98D-AAC9A0A1E56B}.Release|x64.Build.0 = Release|x64
		{8F1615A5-92BB-3D6C-B98D-AAC9A0A1E56B}.MinSizeRel|x64.ActiveCfg = MinSizeRel|x64
		{8F1615A5-92BB-3D6C-B98D-AAC9A0A1E56B}.MinSizeRel|x64.Build.0 = MinSizeRel|x64
		{8F1615A5-92BB-3D6C-B98D-AAC9A0A1E56B}.RelWithDebInfo|x64.ActiveCfg = RelWithDebInfo|x64
		{8F1615A5-92BB-3D6C-B98D-AAC9A0A1E56B}.RelWithDebInfo|x64.Build.0 = RelWithDebInfo|x64
		{8CDAC1DC-F402-312B-A232-09C2D95EC87D}.Debug|x64.ActiveCfg = Debug|x64
		{8CDAC1DC-F402-312B-A232-09C2D95EC87D}.Debug|x64.Build.0 = Debug|x64
		{8CDAC1DC-F402-312B-A232-09C2D95EC87D}.Release|x64.ActiveCfg = Release|x64
		{8CDAC1DC-F402-312B-A232-09C2D95EC87D}.Release|x64.Build.0 = Release|x64
		{8CDAC1DC-F402-312B-A232-09C2D95EC87D}.MinSizeRel|x64.ActiveCfg = MinSizeRel|x64
		{8CDAC1DC-F402-312B-A232-09C2D95EC87D}.MinSizeRel|x64.Build.0 = MinSizeRel|x64
		{8CDAC1DC-F402-312B-A232-09C2D95EC87D}.RelWithDebInfo|x64.ActiveCfg = RelWithDebInfo|x64
		{8CDAC1DC-F402-312B-A232-09C2D95EC87D}.RelWithDebInfo|x64.Build.0 = RelWithDebInfo|x64
	EndGlobalSection
	GlobalSection(ExtensibilityGlobals) = postSolution
		SolutionGuid = {16995D4D-A376-3124-8636-7EB4DACC5579}
	EndGlobalSection
	GlobalSection(ExtensibilityAddIns) = postSolution
	EndGlobalSection
EndGlobal
