Microsoft Visual Studio Solution File, Format Version 12.00
# Visual Studio 14
Project("{8BC9CEB8-8B4A-11D0-8D11-00A0C91BC942}") = "ALL_BUILD", "ALL_BUILD.vcxproj", "{D2555277-342D-3B47-86C5-08BECDA49309}"
	ProjectSection(ProjectDependencies) = postProject
		{41F37F5D-1F79-32ED-8033-D193ABF97335} = {41F37F5D-1F79-32ED-8033-D193ABF97335}
		{A71A4AE3-AB2E-315A-BCE8-C82EE5A5A339} = {A71A4AE3-AB2E-315A-BCE8-C82EE5A5A339}
	EndProjectSection
EndProject
Project("{8BC9CEB8-8B4A-11D0-8D11-00A0C91BC942}") = "ZERO_CHECK", "..\..\\ZERO_CHECK.vcxproj", "{41F37F5D-1F79-32ED-8033-D193ABF97335}"
	ProjectSection(ProjectDependencies) = postProject
	EndProjectSection
EndProject
Project("{8BC9CEB8-8B4A-11D0-8D11-00A0C91BC942}") = "cv_first_lab", "cv_first_lab.vcxproj", "{A71A4AE3-AB2E-315A-BCE8-C82EE5A5A339}"
	ProjectSection(ProjectDependencies) = postProject
		{41F37F5D-1F79-32ED-8033-D193ABF97335} = {41F37F5D-1F79-32ED-8033-D193ABF97335}
	EndProjectSection
EndProject
Global
	GlobalSection(SolutionConfigurationPlatforms) = preSolution
		Debug|x64 = Debug|x64
		Release|x64 = Release|x64
		MinSizeRel|x64 = MinSizeRel|x64
		RelWithDebInfo|x64 = RelWithDebInfo|x64
	EndGlobalSection
	GlobalSection(ProjectConfigurationPlatforms) = postSolution
		{D2555277-342D-3B47-86C5-08BECDA49309}.Debug|x64.ActiveCfg = Debug|x64
		{D2555277-342D-3B47-86C5-08BECDA49309}.Release|x64.ActiveCfg = Release|x64
		{D2555277-342D-3B47-86C5-08BECDA49309}.MinSizeRel|x64.ActiveCfg = MinSizeRel|x64
		{D2555277-342D-3B47-86C5-08BECDA49309}.RelWithDebInfo|x64.ActiveCfg = RelWithDebInfo|x64
		{41F37F5D-1F79-32ED-8033-D193ABF97335}.Debug|x64.ActiveCfg = Debug|x64
		{41F37F5D-1F79-32ED-8033-D193ABF97335}.Debug|x64.Build.0 = Debug|x64
		{41F37F5D-1F79-32ED-8033-D193ABF97335}.Release|x64.ActiveCfg = Release|x64
		{41F37F5D-1F79-32ED-8033-D193ABF97335}.Release|x64.Build.0 = Release|x64
		{41F37F5D-1F79-32ED-8033-D193ABF97335}.MinSizeRel|x64.ActiveCfg = MinSizeRel|x64
		{41F37F5D-1F79-32ED-8033-D193ABF97335}.MinSizeRel|x64.Build.0 = MinSizeRel|x64
		{41F37F5D-1F79-32ED-8033-D193ABF97335}.RelWithDebInfo|x64.ActiveCfg = RelWithDebInfo|x64
		{41F37F5D-1F79-32ED-8033-D193ABF97335}.RelWithDebInfo|x64.Build.0 = RelWithDebInfo|x64
		{A71A4AE3-AB2E-315A-BCE8-C82EE5A5A339}.Debug|x64.ActiveCfg = Debug|x64
		{A71A4AE3-AB2E-315A-BCE8-C82EE5A5A339}.Debug|x64.Build.0 = Debug|x64
		{A71A4AE3-AB2E-315A-BCE8-C82EE5A5A339}.Release|x64.ActiveCfg = Release|x64
		{A71A4AE3-AB2E-315A-BCE8-C82EE5A5A339}.Release|x64.Build.0 = Release|x64
		{A71A4AE3-AB2E-315A-BCE8-C82EE5A5A339}.MinSizeRel|x64.ActiveCfg = MinSizeRel|x64
		{A71A4AE3-AB2E-315A-BCE8-C82EE5A5A339}.MinSizeRel|x64.Build.0 = MinSizeRel|x64
		{A71A4AE3-AB2E-315A-BCE8-C82EE5A5A339}.RelWithDebInfo|x64.ActiveCfg = RelWithDebInfo|x64
		{A71A4AE3-AB2E-315A-BCE8-C82EE5A5A339}.RelWithDebInfo|x64.Build.0 = RelWithDebInfo|x64
	EndGlobalSection
	GlobalSection(ExtensibilityGlobals) = postSolution
		SolutionGuid = {214D09CC-53ED-34CE-B784-1A6B37E71862}
	EndGlobalSection
	GlobalSection(ExtensibilityAddIns) = postSolution
	EndGlobalSection
EndGlobal
