Microsoft Visual Studio Solution File, Format Version 12.00
# Visual Studio 14
Project("{8BC9CEB8-8B4A-11D0-8D11-00A0C91BC942}") = "ALL_BUILD", "ALL_BUILD.vcxproj", "{D2555277-342D-3B47-86C5-08BECDA49309}"
	ProjectSection(ProjectDependencies) = postProject
		{41F37F5D-1F79-32ED-8033-D193ABF97335} = {41F37F5D-1F79-32ED-8033-D193ABF97335}
		{8F1615A5-92BB-3D6C-B98D-AAC9A0A1E56B} = {8F1615A5-92BB-3D6C-B98D-AAC9A0A1E56B}
	EndProjectSection
EndProject
Project("{8BC9CEB8-8B4A-11D0-8D11-00A0C91BC942}") = "ZERO_CHECK", "..\..\\ZERO_CHECK.vcxproj", "{41F37F5D-1F79-32ED-8033-D193ABF97335}"
	ProjectSection(ProjectDependencies) = postProject
	EndProjectSection
EndProject
Project("{8BC9CEB8-8B4A-11D0-8D11-00A0C91BC942}") = "cv_second_lab", "cv_second_lab.vcxproj", "{8F1615A5-92BB-3D6C-B98D-AAC9A0A1E56B}"
	ProjectSection(ProjectDependencies) = postProject
		{41F37F5D-1F79-32ED-8033-D193ABF97335} = {41F37F5D-1F79-32ED-8033-D193ABF97335}
	EndProjectSection
EndProject
Global
	GlobalSection(SolutionConfigurationPlatforms) = preSolution
		Debug|x64 = Debug|x64
		Release|x64 = Release|x64
		MinSizeRel|x64 = MinSizeRel|x64
		RelWithDebInfo|x64 = RelWithDebInfo|x64
	EndGlobalSection
	GlobalSection(ProjectConfigurationPlatforms) = postSolution
		{D2555277-342D-3B47-86C5-08BECDA49309}.Debug|x64.ActiveCfg = Debug|x64
		{D2555277-342D-3B47-86C5-08BECDA49309}.Release|x64.ActiveCfg = Release|x64
		{D2555277-342D-3B47-86C5-08BECDA49309}.MinSizeRel|x64.ActiveCfg = MinSizeRel|x64
		{D2555277-342D-3B47-86C5-08BECDA49309}.RelWithDebInfo|x64.ActiveCfg = RelWithDebInfo|x64
		{41F37F5D-1F79-32ED-8033-D193ABF97335}.Debug|x64.ActiveCfg = Debug|x64
		{41F37F5D-1F79-32ED-8033-D193ABF97335}.Debug|x64.Build.0 = Debug|x64
		{41F37F5D-1F79-32ED-8033-D193ABF97335}.Release|x64.ActiveCfg = Release|x64
		{41F37F5D-1F79-32ED-8033-D193ABF97335}.Release|x64.Build.0 = Release|x64
		{41F37F5D-1F79-32ED-8033-D193ABF97335}.MinSizeRel|x64.ActiveCfg = MinSizeRel|x64
		{41F37F5D-1F79-32ED-8033-D193ABF97335}.MinSizeRel|x64.Build.0 = MinSizeRel|x64
		{41F37F5D-1F79-32ED-8033-D193ABF97335}.RelWithDebInfo|x64.ActiveCfg = RelWithDebInfo|x64
		{41F37F5D-1F79-32ED-8033-D193ABF97335}.RelWithDebInfo|x64.Build.0 = RelWithDebInfo|x64
		{8F1615A5-92BB-3D6C-B98D-AAC9A0A1E56B}.Debug|x64.ActiveCfg = Debug|x64
		{8F1615A5-92BB-3D6C-B98D-AAC9A0A1E56B}.Debug|x64.Build.0 = Debug|x64
		{8F1615A5-92BB-3D6C-B98D-AAC9A0A1E56B}.Release|x64.ActiveCfg = Release|x64
		{8F1615A5-92BB-3D6C-B98D-AAC9A0A1E56B}.Release|x64.Build.0 = Release|x64
		{8F1615A5-92BB-3D6C-B98D-AAC9A0A1E56B}.MinSizeRel|x64.ActiveCfg = MinSizeRel|x64
		{8F1615A5-92BB-3D6C-B98D-AAC9A0A1E56B}.MinSizeRel|x64.Build.0 = MinSizeRel|x64
		{8F1615A5-92BB-3D6C-B98D-AAC9A0A1E56B}.RelWithDebInfo|x64.ActiveCfg = RelWithDebInfo|x64
		{8F1615A5-92BB-3D6C-B98D-AAC9A0A1E56B}.RelWithDebInfo|x64.Build.0 = RelWithDebInfo|x64
	EndGlobalSection
	GlobalSection(ExtensibilityGlobals) = postSolution
		SolutionGuid = {E20D306C-B4D5-3E18-BFF0-6CB600D562C2}
	EndGlobalSection
	GlobalSection(ExtensibilityAddIns) = postSolution
	EndGlobalSection
EndGlobal
